
Microsoft Visual Studio Solution File, Format Version 12.00
# Visual Studio 15
VisualStudioVersion = 15.0.26124.0
MinimumVisualStudioVersion = 15.0.26124.0
Project("{2150E333-8FDC-42A3-9474-1A3956D46DE8}") = "src", "src", "{4ECC1A65-BB24-45DC-A8DD-BBF0D589CF58}"
EndProject
Project("{FAE04EC0-301F-11D3-BF4B-00C04F79EFBC}") = "chemistry", "src\chemistry\chemistry.csproj", "{AAEC9C74-ADD4-4F19-8A8A-BCBD0DE73256}"
EndProject
Project("{FAE04EC0-301F-11D3-BF4B-00C04F79EFBC}") = "characterization", "src\characterization\characterization.csproj", "{BA7E3C42-4753-4970-8CDC-C6FEACED727F}"
EndProject
Project("{FAE04EC0-301F-11D3-BF4B-00C04F79EFBC}") = "research", "src\research\research.csproj", "{043AF362-6D48-44A2-BAB4-52301DA1F7B8}"
EndProject
Project("{FAE04EC0-301F-11D3-BF4B-00C04F79EFBC}") = "Tests.Research", "src\tests\main\Tests.Research.csproj", "{B4CDB068-69D6-463D-A172-959D4921309F}"
EndProject
Project("{2150E333-8FDC-42A3-9474-1A3956D46DE8}") = "simulation", "simulation", "{1650DE26-FCDC-4750-93F5-18B89192666B}"
EndProject
Project("{F2A71F9B-5D33-465A-A702-920D77279786}") = "QuantumSignalProcessing", "src\simulation\qsp\QuantumSignalProcessing.fsproj", "{A671258B-9D29-458D-BD02-E3652B33C328}"
EndProject
Project("{2150E333-8FDC-42A3-9474-1A3956D46DE8}") = "tests", "tests", "{4F91A02E-709E-471E-88DE-2DE9F07BBB7D}"
EndProject
Project("{F2A71F9B-5D33-465A-A702-920D77279786}") = "Tests.QSP", "src\tests\qsp\Tests.QSP.fsproj", "{79D0926D-9394-4D14-B4AA-889FC9BA11E8}"
EndProject
Global
	GlobalSection(SolutionConfigurationPlatforms) = preSolution
		Debug|Any CPU = Debug|Any CPU
		Debug|x64 = Debug|x64
		Debug|x86 = Debug|x86
		Release|Any CPU = Release|Any CPU
		Release|x64 = Release|x64
		Release|x86 = Release|x86
	EndGlobalSection
	GlobalSection(SolutionProperties) = preSolution
		HideSolutionNode = FALSE
	EndGlobalSection
	GlobalSection(ProjectConfigurationPlatforms) = postSolution
		{AAEC9C74-ADD4-4F19-8A8A-BCBD0DE73256}.Debug|Any CPU.ActiveCfg = Debug|Any CPU
		{AAEC9C74-ADD4-4F19-8A8A-BCBD0DE73256}.Debug|Any CPU.Build.0 = Debug|Any CPU
		{AAEC9C74-ADD4-4F19-8A8A-BCBD0DE73256}.Debug|x64.ActiveCfg = Debug|Any CPU
		{AAEC9C74-ADD4-4F19-8A8A-BCBD0DE73256}.Debug|x64.Build.0 = Debug|Any CPU
		{AAEC9C74-ADD4-4F19-8A8A-BCBD0DE73256}.Debug|x86.ActiveCfg = Debug|Any CPU
		{AAEC9C74-ADD4-4F19-8A8A-BCBD0DE73256}.Debug|x86.Build.0 = Debug|Any CPU
		{AAEC9C74-ADD4-4F19-8A8A-BCBD0DE73256}.Release|Any CPU.ActiveCfg = Release|Any CPU
		{AAEC9C74-ADD4-4F19-8A8A-BCBD0DE73256}.Release|Any CPU.Build.0 = Release|Any CPU
		{AAEC9C74-ADD4-4F19-8A8A-BCBD0DE73256}.Release|x64.ActiveCfg = Release|Any CPU
		{AAEC9C74-ADD4-4F19-8A8A-BCBD0DE73256}.Release|x64.Build.0 = Release|Any CPU
		{AAEC9C74-ADD4-4F19-8A8A-BCBD0DE73256}.Release|x86.ActiveCfg = Release|Any CPU
		{AAEC9C74-ADD4-4F19-8A8A-BCBD0DE73256}.Release|x86.Build.0 = Release|Any CPU
		{BA7E3C42-4753-4970-8CDC-C6FEACED727F}.Debug|Any CPU.ActiveCfg = Debug|Any CPU
		{BA7E3C42-4753-4970-8CDC-C6FEACED727F}.Debug|Any CPU.Build.0 = Debug|Any CPU
		{BA7E3C42-4753-4970-8CDC-C6FEACED727F}.Debug|x64.ActiveCfg = Debug|Any CPU
		{BA7E3C42-4753-4970-8CDC-C6FEACED727F}.Debug|x64.Build.0 = Debug|Any CPU
		{BA7E3C42-4753-4970-8CDC-C6FEACED727F}.Debug|x86.ActiveCfg = Debug|Any CPU
		{BA7E3C42-4753-4970-8CDC-C6FEACED727F}.Debug|x86.Build.0 = Debug|Any CPU
		{BA7E3C42-4753-4970-8CDC-C6FEACED727F}.Release|Any CPU.ActiveCfg = Release|Any CPU
		{BA7E3C42-4753-4970-8CDC-C6FEACED727F}.Release|Any CPU.Build.0 = Release|Any CPU
		{BA7E3C42-4753-4970-8CDC-C6FEACED727F}.Release|x64.ActiveCfg = Release|Any CPU
		{BA7E3C42-4753-4970-8CDC-C6FEACED727F}.Release|x64.Build.0 = Release|Any CPU
		{BA7E3C42-4753-4970-8CDC-C6FEACED727F}.Release|x86.ActiveCfg = Release|Any CPU
		{BA7E3C42-4753-4970-8CDC-C6FEACED727F}.Release|x86.Build.0 = Release|Any CPU
		{043AF362-6D48-44A2-BAB4-52301DA1F7B8}.Debug|Any CPU.ActiveCfg = Debug|Any CPU
		{043AF362-6D48-44A2-BAB4-52301DA1F7B8}.Debug|Any CPU.Build.0 = Debug|Any CPU
		{043AF362-6D48-44A2-BAB4-52301DA1F7B8}.Debug|x64.ActiveCfg = Debug|Any CPU
		{043AF362-6D48-44A2-BAB4-52301DA1F7B8}.Debug|x64.Build.0 = Debug|Any CPU
		{043AF362-6D48-44A2-BAB4-52301DA1F7B8}.Debug|x86.ActiveCfg = Debug|Any CPU
		{043AF362-6D48-44A2-BAB4-52301DA1F7B8}.Debug|x86.Build.0 = Debug|Any CPU
		{043AF362-6D48-44A2-BAB4-52301DA1F7B8}.Release|Any CPU.ActiveCfg = Release|Any CPU
		{043AF362-6D48-44A2-BAB4-52301DA1F7B8}.Release|Any CPU.Build.0 = Release|Any CPU
		{043AF362-6D48-44A2-BAB4-52301DA1F7B8}.Release|x64.ActiveCfg = Release|Any CPU
		{043AF362-6D48-44A2-BAB4-52301DA1F7B8}.Release|x64.Build.0 = Release|Any CPU
		{043AF362-6D48-44A2-BAB4-52301DA1F7B8}.Release|x86.ActiveCfg = Release|Any CPU
		{043AF362-6D48-44A2-BAB4-52301DA1F7B8}.Release|x86.Build.0 = Release|Any CPU
		{B4CDB068-69D6-463D-A172-959D4921309F}.Debug|Any CPU.ActiveCfg = Debug|Any CPU
		{B4CDB068-69D6-463D-A172-959D4921309F}.Debug|Any CPU.Build.0 = Debug|Any CPU
		{B4CDB068-69D6-463D-A172-959D4921309F}.Debug|x64.ActiveCfg = Debug|Any CPU
		{B4CDB068-69D6-463D-A172-959D4921309F}.Debug|x64.Build.0 = Debug|Any CPU
		{B4CDB068-69D6-463D-A172-959D4921309F}.Debug|x86.ActiveCfg = Debug|Any CPU
		{B4CDB068-69D6-463D-A172-959D4921309F}.Debug|x86.Build.0 = Debug|Any CPU
		{B4CDB068-69D6-463D-A172-959D4921309F}.Release|Any CPU.ActiveCfg = Release|Any CPU
		{B4CDB068-69D6-463D-A172-959D4921309F}.Release|Any CPU.Build.0 = Release|Any CPU
		{B4CDB068-69D6-463D-A172-959D4921309F}.Release|x64.ActiveCfg = Release|Any CPU
		{B4CDB068-69D6-463D-A172-959D4921309F}.Release|x64.Build.0 = Release|Any CPU
		{B4CDB068-69D6-463D-A172-959D4921309F}.Release|x86.ActiveCfg = Release|Any CPU
		{B4CDB068-69D6-463D-A172-959D4921309F}.Release|x86.Build.0 = Release|Any CPU
		{A671258B-9D29-458D-BD02-E3652B33C328}.Debug|Any CPU.ActiveCfg = Debug|Any CPU
		{A671258B-9D29-458D-BD02-E3652B33C328}.Debug|Any CPU.Build.0 = Debug|Any CPU
		{A671258B-9D29-458D-BD02-E3652B33C328}.Debug|x64.ActiveCfg = Debug|Any CPU
		{A671258B-9D29-458D-BD02-E3652B33C328}.Debug|x64.Build.0 = Debug|Any CPU
		{A671258B-9D29-458D-BD02-E3652B33C328}.Debug|x86.ActiveCfg = Debug|Any CPU
		{A671258B-9D29-458D-BD02-E3652B33C328}.Debug|x86.Build.0 = Debug|Any CPU
		{A671258B-9D29-458D-BD02-E3652B33C328}.Release|Any CPU.ActiveCfg = Release|Any CPU
		{A671258B-9D29-458D-BD02-E3652B33C328}.Release|Any CPU.Build.0 = Release|Any CPU
		{A671258B-9D29-458D-BD02-E3652B33C328}.Release|x64.ActiveCfg = Release|Any CPU
		{A671258B-9D29-458D-BD02-E3652B33C328}.Release|x64.Build.0 = Release|Any CPU
		{A671258B-9D29-458D-BD02-E3652B33C328}.Release|x86.ActiveCfg = Release|Any CPU
		{A671258B-9D29-458D-BD02-E3652B33C328}.Release|x86.Build.0 = Release|Any CPU
		{79D0926D-9394-4D14-B4AA-889FC9BA11E8}.Debug|Any CPU.ActiveCfg = Debug|Any CPU
		{79D0926D-9394-4D14-B4AA-889FC9BA11E8}.Debug|Any CPU.Build.0 = Debug|Any CPU
		{79D0926D-9394-4D14-B4AA-889FC9BA11E8}.Debug|x64.ActiveCfg = Debug|Any CPU
		{79D0926D-9394-4D14-B4AA-889FC9BA11E8}.Debug|x64.Build.0 = Debug|Any CPU
		{79D0926D-9394-4D14-B4AA-889FC9BA11E8}.Debug|x86.ActiveCfg = Debug|Any CPU
		{79D0926D-9394-4D14-B4AA-889FC9BA11E8}.Debug|x86.Build.0 = Debug|Any CPU
		{79D0926D-9394-4D14-B4AA-889FC9BA11E8}.Release|Any CPU.ActiveCfg = Release|Any CPU
		{79D0926D-9394-4D14-B4AA-889FC9BA11E8}.Release|Any CPU.Build.0 = Release|Any CPU
		{79D0926D-9394-4D14-B4AA-889FC9BA11E8}.Release|x64.ActiveCfg = Release|Any CPU
		{79D0926D-9394-4D14-B4AA-889FC9BA11E8}.Release|x64.Build.0 = Release|Any CPU
		{79D0926D-9394-4D14-B4AA-889FC9BA11E8}.Release|x86.ActiveCfg = Release|Any CPU
		{79D0926D-9394-4D14-B4AA-889FC9BA11E8}.Release|x86.Build.0 = Release|Any CPU
	EndGlobalSection
	GlobalSection(NestedProjects) = preSolution
		{AAEC9C74-ADD4-4F19-8A8A-BCBD0DE73256} = {4ECC1A65-BB24-45DC-A8DD-BBF0D589CF58}
		{BA7E3C42-4753-4970-8CDC-C6FEACED727F} = {4ECC1A65-BB24-45DC-A8DD-BBF0D589CF58}
		{043AF362-6D48-44A2-BAB4-52301DA1F7B8} = {4ECC1A65-BB24-45DC-A8DD-BBF0D589CF58}
		{B4CDB068-69D6-463D-A172-959D4921309F} = {4ECC1A65-BB24-45DC-A8DD-BBF0D589CF58}
		{1650DE26-FCDC-4750-93F5-18B89192666B} = {4ECC1A65-BB24-45DC-A8DD-BBF0D589CF58}
		{A671258B-9D29-458D-BD02-E3652B33C328} = {1650DE26-FCDC-4750-93F5-18B89192666B}
		{4F91A02E-709E-471E-88DE-2DE9F07BBB7D} = {4ECC1A65-BB24-45DC-A8DD-BBF0D589CF58}
		{79D0926D-9394-4D14-B4AA-889FC9BA11E8} = {4F91A02E-709E-471E-88DE-2DE9F07BBB7D}
	EndGlobalSection
EndGlobal
