
Microsoft Visual Studio Solution File, Format Version 12.00
# Visual Studio 15
VisualStudioVersion = 15.0.26124.0
MinimumVisualStudioVersion = 15.0.26124.0
Project("{2150E333-8FDC-42A3-9474-1A3956D46DE8}") = "samples", "samples", "{2C6CF38A-132E-4650-8BDF-5F112EEAB63D}"
EndProject
Project("{2150E333-8FDC-42A3-9474-1A3956D46DE8}") = "characterization", "characterization", "{4BC8C8EF-9089-44D6-A5D3-8DFD0E59468C}"
EndProject
Project("{FAE04EC0-301F-11D3-BF4B-00C04F79EFBC}") = "random-walk-pe", "samples\characterization\random-walk-pe\random-walk-pe.csproj", "{5422E55A-7789-44CE-BBE2-FB5D973BEDE0}"
EndProject
Project("{2150E333-8FDC-42A3-9474-1A3956D46DE8}") = "simulation", "simulation", "{0400675D-C131-47D7-B65F-25E9782431A0}"
EndProject
Project("{FAE04EC0-301F-11D3-BF4B-00C04F79EFBC}") = "qsp", "samples\simulation\qsp\qsp.csproj", "{5A2DB006-48AF-49AB-BEA1-FA3709E69A49}"
EndProject
Global
	GlobalSection(SolutionConfigurationPlatforms) = preSolution
		Debug|Any CPU = Debug|Any CPU
		Debug|x64 = Debug|x64
		Debug|x86 = Debug|x86
		Release|Any CPU = Release|Any CPU
		Release|x64 = Release|x64
		Release|x86 = Release|x86
	EndGlobalSection
	GlobalSection(SolutionProperties) = preSolution
		HideSolutionNode = FALSE
	EndGlobalSection
	GlobalSection(ProjectConfigurationPlatforms) = postSolution
		{5422E55A-7789-44CE-BBE2-FB5D973BEDE0}.Debug|Any CPU.ActiveCfg = Debug|Any CPU
		{5422E55A-7789-44CE-BBE2-FB5D973BEDE0}.Debug|Any CPU.Build.0 = Debug|Any CPU
		{5422E55A-7789-44CE-BBE2-FB5D973BEDE0}.Debug|x64.ActiveCfg = Debug|Any CPU
		{5422E55A-7789-44CE-BBE2-FB5D973BEDE0}.Debug|x64.Build.0 = Debug|Any CPU
		{5422E55A-7789-44CE-BBE2-FB5D973BEDE0}.Debug|x86.ActiveCfg = Debug|Any CPU
		{5422E55A-7789-44CE-BBE2-FB5D973BEDE0}.Debug|x86.Build.0 = Debug|Any CPU
		{5422E55A-7789-44CE-BBE2-FB5D973BEDE0}.Release|Any CPU.ActiveCfg = Release|Any CPU
		{5422E55A-7789-44CE-BBE2-FB5D973BEDE0}.Release|Any CPU.Build.0 = Release|Any CPU
		{5422E55A-7789-44CE-BBE2-FB5D973BEDE0}.Release|x64.ActiveCfg = Release|Any CPU
		{5422E55A-7789-44CE-BBE2-FB5D973BEDE0}.Release|x64.Build.0 = Release|Any CPU
		{5422E55A-7789-44CE-BBE2-FB5D973BEDE0}.Release|x86.ActiveCfg = Release|Any CPU
		{5422E55A-7789-44CE-BBE2-FB5D973BEDE0}.Release|x86.Build.0 = Release|Any CPU
		{5A2DB006-48AF-49AB-BEA1-FA3709E69A49}.Debug|Any CPU.ActiveCfg = Debug|Any CPU
		{5A2DB006-48AF-49AB-BEA1-FA3709E69A49}.Debug|Any CPU.Build.0 = Debug|Any CPU
		{5A2DB006-48AF-49AB-BEA1-FA3709E69A49}.Debug|x64.ActiveCfg = Debug|Any CPU
		{5A2DB006-48AF-49AB-BEA1-FA3709E69A49}.Debug|x64.Build.0 = Debug|Any CPU
		{5A2DB006-48AF-49AB-BEA1-FA3709E69A49}.Debug|x86.ActiveCfg = Debug|Any CPU
		{5A2DB006-48AF-49AB-BEA1-FA3709E69A49}.Debug|x86.Build.0 = Debug|Any CPU
		{5A2DB006-48AF-49AB-BEA1-FA3709E69A49}.Release|Any CPU.ActiveCfg = Release|Any CPU
		{5A2DB006-48AF-49AB-BEA1-FA3709E69A49}.Release|Any CPU.Build.0 = Release|Any CPU
		{5A2DB006-48AF-49AB-BEA1-FA3709E69A49}.Release|x64.ActiveCfg = Release|Any CPU
		{5A2DB006-48AF-49AB-BEA1-FA3709E69A49}.Release|x64.Build.0 = Release|Any CPU
		{5A2DB006-48AF-49AB-BEA1-FA3709E69A49}.Release|x86.ActiveCfg = Release|Any CPU
		{5A2DB006-48AF-49AB-BEA1-FA3709E69A49}.Release|x86.Build.0 = Release|Any CPU
	EndGlobalSection
	GlobalSection(NestedProjects) = preSolution
		{4BC8C8EF-9089-44D6-A5D3-8DFD0E59468C} = {2C6CF38A-132E-4650-8BDF-5F112EEAB63D}
		{5422E55A-7789-44CE-BBE2-FB5D973BEDE0} = {4BC8C8EF-9089-44D6-A5D3-8DFD0E59468C}
		{0400675D-C131-47D7-B65F-25E9782431A0} = {2C6CF38A-132E-4650-8BDF-5F112EEAB63D}
		{5A2DB006-48AF-49AB-BEA1-FA3709E69A49} = {0400675D-C131-47D7-B65F-25E9782431A0}
	EndGlobalSection
EndGlobal
